
Microsoft Visual Studio Solution File, Format Version 12.00
# Visual Studio Version 17
VisualStudioVersion = 17.2.32616.157
MinimumVisualStudioVersion = 10.0.40219.1
Project("{FAE04EC0-301F-11D3-BF4B-00C04F79EFBC}") = "NLogDemo", "NLogDemo.csproj", "{8E83F5BD-939C-4933-BA0E-B1E06B0E28DE}"
EndProject
Global
	GlobalSection(SolutionConfigurationPlatforms) = preSolution
		Debug|Any CPU = Debug|Any CPU
		Release|Any CPU = Release|Any CPU
	EndGlobalSection
	GlobalSection(ProjectConfigurationPlatforms) = postSolution
		{8E83F5BD-939C-4933-BA0E-B1E06B0E28DE}.Debug|Any CPU.ActiveCfg = Debug|Any CPU
		{8E83F5BD-939C-4933-BA0E-B1E06B0E28DE}.Debug|Any CPU.Build.0 = Debug|Any CPU
		{8E83F5BD-939C-4933-BA0E-B1E06B0E28DE}.Release|Any CPU.ActiveCfg = Release|Any CPU
		{8E83F5BD-939C-4933-BA0E-B1E06B0E28DE}.Release|Any CPU.Build.0 = Release|Any CPU
	EndGlobalSection
	GlobalSection(SolutionProperties) = preSolution
		HideSolutionNode = FALSE
	EndGlobalSection
	GlobalSection(ExtensibilityGlobals) = postSolution
		SolutionGuid = {04D6DBE1-61C4-48C3-A105-A009C118448F}
	EndGlobalSection
EndGlobal
